
Microsoft Visual Studio Solution File, Format Version 12.00
# Visual Studio 15
VisualStudioVersion = 15.0.26430.12
MinimumVisualStudioVersion = 10.0.40219.1
Project("{FAE04EC0-301F-11D3-BF4B-00C04F79EFBC}") = "NaiveBayes", "NaiveBayes\NaiveBayes.csproj", "{B37FDBF0-418E-4FDB-8D91-D8029022878D}"
EndProject
Project("{FAE04EC0-301F-11D3-BF4B-00C04F79EFBC}") = "ExcelExperiments", "ExcelExperiments\ExcelExperiments.csproj", "{E3B1F57C-D666-4024-B7FA-815EC364F249}"
EndProject
Global
	GlobalSection(SolutionConfigurationPlatforms) = preSolution
		Debug|Any CPU = Debug|Any CPU
		Release|Any CPU = Release|Any CPU
	EndGlobalSection
	GlobalSection(ProjectConfigurationPlatforms) = postSolution
		{B37FDBF0-418E-4FDB-8D91-D8029022878D}.Debug|Any CPU.ActiveCfg = Debug|Any CPU
		{B37FDBF0-418E-4FDB-8D91-D8029022878D}.Debug|Any CPU.Build.0 = Debug|Any CPU
		{B37FDBF0-418E-4FDB-8D91-D8029022878D}.Release|Any CPU.ActiveCfg = Release|Any CPU
		{B37FDBF0-418E-4FDB-8D91-D8029022878D}.Release|Any CPU.Build.0 = Release|Any CPU
		{E3B1F57C-D666-4024-B7FA-815EC364F249}.Debug|Any CPU.ActiveCfg = Debug|Any CPU
		{E3B1F57C-D666-4024-B7FA-815EC364F249}.Debug|Any CPU.Build.0 = Debug|Any CPU
		{E3B1F57C-D666-4024-B7FA-815EC364F249}.Release|Any CPU.ActiveCfg = Release|Any CPU
		{E3B1F57C-D666-4024-B7FA-815EC364F249}.Release|Any CPU.Build.0 = Release|Any CPU
	EndGlobalSection
	GlobalSection(SolutionProperties) = preSolution
		HideSolutionNode = FALSE
	EndGlobalSection
EndGlobal
